<?xml version="1.0" encoding="utf-8"?>
<Project ToolsVersion="4.0" xmlns="http://schemas.microsoft.com/developer/msbuild/2003">
  <ItemGroup>
    <Filter Include="소스 파일">
      <UniqueIdentifier>{4FC737F1-C7A5-4376-A066-2A32D752A2FF}</UniqueIdentifier>
      <Extensions>cpp;c;cc;cxx;c++;cppm;ixx;def;odl;idl;hpj;bat;asm;asmx</Extensions>
    </Filter>
    <Filter Include="헤더 파일">
      <UniqueIdentifier>{93995380-89BD-4b04-88EB-625FBE52EBFB}</UniqueIdentifier>
      <Extensions>h;hh;hpp;hxx;h++;hm;inl;inc;ipp;xsd</Extensions>
    </Filter>
    <Filter Include="리소스 파일">
      <UniqueIdentifier>{67DA6AB6-F800-4c08-8B7A-83BB121AAD01}</UniqueIdentifier>
      <Extensions>rc;ico;cur;bmp;dlg;rc2;rct;bin;rgs;gif;jpg;jpeg;jpe;resx;tiff;tif;png;wav;mfcribbon-ms</Extensions>
    </Filter>
    <Filter Include="공용">
      <UniqueIdentifier>{29f17ab3-2e89-44fe-91f9-6d6adcbfe2bc}</UniqueIdentifier>
    </Filter>
    <Filter Include="공용\소스 파일">
      <UniqueIdentifier>{e14f44ed-3f98-4bb4-8448-246f53678466}</UniqueIdentifier>
    </Filter>
    <Filter Include="공용\헤더 파일">
      <UniqueIdentifier>{0110f97a-d7f2-4638-9550-b6150f392a6c}</UniqueIdentifier>
    </Filter>
    <Filter Include="공용\헤더 파일\Utility">
      <UniqueIdentifier>{cdfce263-fbba-41f4-aa3d-a5c33eb35d02}</UniqueIdentifier>
    </Filter>
    <Filter Include="헤더 파일\Network">
      <UniqueIdentifier>{2a867c63-9d7a-4bef-8551-2f1cdb5d9b87}</UniqueIdentifier>
    </Filter>
    <Filter Include="소스 파일\Network">
      <UniqueIdentifier>{69815876-ee6a-4ee4-8eaa-5a6520fdcb00}</UniqueIdentifier>
    </Filter>
    <Filter Include="헤더 파일\Game">
      <UniqueIdentifier>{68439987-ea65-428f-9ad8-f93bd07516e8}</UniqueIdentifier>
    </Filter>
    <Filter Include="소스 파일\Game">
      <UniqueIdentifier>{05306d0a-0e44-4e36-a8e4-3b9fd235d8aa}</UniqueIdentifier>
    </Filter>
    <Filter Include="공용\헤더 파일\Auth">
      <UniqueIdentifier>{7abede26-d637-403a-8280-e43d051ba536}</UniqueIdentifier>
    </Filter>
    <Filter Include="공용\소스 파일\Auth">
      <UniqueIdentifier>{2b0762fe-5e6d-4d85-8f66-fecab8f5f519}</UniqueIdentifier>
    </Filter>
    <Filter Include="공용\헤더 파일\Lobby">
      <UniqueIdentifier>{ae54a3b5-4919-49aa-858b-af126767776b}</UniqueIdentifier>
    </Filter>
    <Filter Include="공용\소스 파일\Lobby">
      <UniqueIdentifier>{abc90a16-0781-4abd-872d-0c811a8173d5}</UniqueIdentifier>
    </Filter>
  </ItemGroup>
  <ItemGroup>
    <ClCompile Include="main.cpp">
      <Filter>소스 파일</Filter>
    </ClCompile>
    <ClCompile Include="src\network\CustomOverlapped.cpp">
      <Filter>소스 파일\Network</Filter>
    </ClCompile>
    <ClCompile Include="src\network\Client.cpp">
      <Filter>소스 파일\Network</Filter>
    </ClCompile>
    <ClCompile Include="src\game\User.cpp">
      <Filter>소스 파일\Game</Filter>
    </ClCompile>
    <ClCompile Include="src\network\NetManagerModule.cpp">
      <Filter>소스 파일\Network</Filter>
    </ClCompile>
    <ClCompile Include="src\network\NetworkManager.cpp">
      <Filter>소스 파일\Network</Filter>
    </ClCompile>
    <ClCompile Include="src\game\GameManager.cpp">
      <Filter>소스 파일\Game</Filter>
    </ClCompile>
    <ClCompile Include="..\Common\src\auth\AuthProtocol.cpp">
      <Filter>공용\소스 파일\Auth</Filter>
    </ClCompile>
    <ClCompile Include="..\Common\src\lobby\NetworkProtocol.cpp">
      <Filter>공용\소스 파일\Lobby</Filter>
    </ClCompile>
  </ItemGroup>
  <ItemGroup>
    <ClInclude Include="include\network\CustomOverlapped.h">
      <Filter>헤더 파일\Network</Filter>
    </ClInclude>
    <ClInclude Include="include\network\Client.h">
      <Filter>헤더 파일\Network</Filter>
    </ClInclude>
    <ClInclude Include="include\game\User.h">
      <Filter>헤더 파일\Game</Filter>
    </ClInclude>
    <ClInclude Include="include\network\NetmanagerModule.h">
      <Filter>헤더 파일\Network</Filter>
    </ClInclude>
    <ClInclude Include="include\network\NetworkManager.h">
      <Filter>헤더 파일\Network</Filter>
    </ClInclude>
    <ClInclude Include="include\game\GameManager.h">
      <Filter>헤더 파일\Game</Filter>
    </ClInclude>
    <ClInclude Include="include\game\ConstValue.h">
      <Filter>헤더 파일\Game</Filter>
    </ClInclude>
    <ClInclude Include="..\Common\include\auth\BasicData.h">
      <Filter>공용\헤더 파일\Auth</Filter>
    </ClInclude>
    <ClInclude Include="..\Common\include\auth\AuthProtocol.h">
      <Filter>공용\헤더 파일\Auth</Filter>
    </ClInclude>
    <ClInclude Include="..\Common\include\lobby\NetworkProtocol.h">
      <Filter>공용\헤더 파일\Lobby</Filter>
    </ClInclude>
    <ClInclude Include="..\Common\include\utility\ConfigCreator.h">
      <Filter>공용\헤더 파일\Utility</Filter>
    </ClInclude>
    <ClInclude Include="..\Common\include\utility\Debug.h">
      <Filter>공용\헤더 파일\Utility</Filter>
    </ClInclude>
    <ClInclude Include="..\Common\include\utility\LockFreeCircleQueue.h">
      <Filter>공용\헤더 파일\Utility</Filter>
    </ClInclude>
    <ClInclude Include="..\Common\include\utility\MESSAGE_PROTOCOL_generated.h">
      <Filter>공용\헤더 파일\Utility</Filter>
    </ClInclude>
    <ClInclude Include="..\Common\include\utility\StringConverter.h">
      <Filter>공용\헤더 파일\Utility</Filter>
    </ClInclude>
  </ItemGroup>
</Project>