<?xml version="1.0" encoding="utf-8"?>
<Project ToolsVersion="4.0" xmlns="http://schemas.microsoft.com/developer/msbuild/2003">
  <ItemGroup>
    <Filter Include="소스 파일">
      <UniqueIdentifier>{4FC737F1-C7A5-4376-A066-2A32D752A2FF}</UniqueIdentifier>
      <Extensions>cpp;c;cc;cxx;c++;cppm;ixx;def;odl;idl;hpj;bat;asm;asmx</Extensions>
    </Filter>
    <Filter Include="헤더 파일">
      <UniqueIdentifier>{93995380-89BD-4b04-88EB-625FBE52EBFB}</UniqueIdentifier>
      <Extensions>h;hh;hpp;hxx;h++;hm;inl;inc;ipp;xsd</Extensions>
    </Filter>
    <Filter Include="리소스 파일">
      <UniqueIdentifier>{67DA6AB6-F800-4c08-8B7A-83BB121AAD01}</UniqueIdentifier>
      <Extensions>rc;ico;cur;bmp;dlg;rc2;rct;bin;rgs;gif;jpg;jpeg;jpe;resx;tiff;tif;png;wav;mfcribbon-ms</Extensions>
    </Filter>
    <Filter Include="공용">
      <UniqueIdentifier>{29f17ab3-2e89-44fe-91f9-6d6adcbfe2bc}</UniqueIdentifier>
    </Filter>
    <Filter Include="공용\소스 파일">
      <UniqueIdentifier>{e14f44ed-3f98-4bb4-8448-246f53678466}</UniqueIdentifier>
    </Filter>
    <Filter Include="공용\소스 파일\Utility">
      <UniqueIdentifier>{e6b6df2b-bc63-455e-8bcc-392319739561}</UniqueIdentifier>
    </Filter>
    <Filter Include="공용\헤더 파일">
      <UniqueIdentifier>{0110f97a-d7f2-4638-9550-b6150f392a6c}</UniqueIdentifier>
    </Filter>
    <Filter Include="공용\헤더 파일\Utility">
      <UniqueIdentifier>{cdfce263-fbba-41f4-aa3d-a5c33eb35d02}</UniqueIdentifier>
    </Filter>
    <Filter Include="헤더 파일\Client">
      <UniqueIdentifier>{68439987-ea65-428f-9ad8-f93bd07516e8}</UniqueIdentifier>
    </Filter>
  </ItemGroup>
  <ItemGroup>
    <ClCompile Include="main.cpp">
      <Filter>소스 파일</Filter>
    </ClCompile>
  </ItemGroup>
  <ItemGroup>
    <ClInclude Include="..\Common\include\utility\Debug.h">
      <Filter>공용\헤더 파일\Utility</Filter>
    </ClInclude>
    <ClInclude Include="..\Common\include\utility\LockFreeCircleQueue.h">
      <Filter>공용\헤더 파일\Utility</Filter>
    </ClInclude>
    <ClInclude Include="..\Common\include\utility\ConfigCreator.h">
      <Filter>공용\헤더 파일\Utility</Filter>
    </ClInclude>
    <ClInclude Include="include\ConstValue.h">
      <Filter>헤더 파일\Client</Filter>
    </ClInclude>
  </ItemGroup>
</Project>