<?xml version="1.0" encoding="utf-8"?>
<Project ToolsVersion="4.0" xmlns="http://schemas.microsoft.com/developer/msbuild/2003">
  <ItemGroup>
    <Filter Include="소스 파일">
      <UniqueIdentifier>{4FC737F1-C7A5-4376-A066-2A32D752A2FF}</UniqueIdentifier>
      <Extensions>cpp;c;cc;cxx;c++;cppm;ixx;def;odl;idl;hpj;bat;asm;asmx</Extensions>
    </Filter>
    <Filter Include="헤더 파일">
      <UniqueIdentifier>{93995380-89BD-4b04-88EB-625FBE52EBFB}</UniqueIdentifier>
      <Extensions>h;hh;hpp;hxx;h++;hm;inl;inc;ipp;xsd</Extensions>
    </Filter>
    <Filter Include="리소스 파일">
      <UniqueIdentifier>{67DA6AB6-F800-4c08-8B7A-83BB121AAD01}</UniqueIdentifier>
      <Extensions>rc;ico;cur;bmp;dlg;rc2;rct;bin;rgs;gif;jpg;jpeg;jpe;resx;tiff;tif;png;wav;mfcribbon-ms</Extensions>
    </Filter>
    <Filter Include="공용">
      <UniqueIdentifier>{8ed97564-da25-4b01-b79b-c9b7e33f471e}</UniqueIdentifier>
    </Filter>
    <Filter Include="공용\소스 파일">
      <UniqueIdentifier>{2f61ccb0-bc3f-4fc3-ae23-ed0d9e5aeb7b}</UniqueIdentifier>
    </Filter>
    <Filter Include="공용\헤더 파일">
      <UniqueIdentifier>{fc16cc63-0cd3-4b4f-8400-e4e9f218c764}</UniqueIdentifier>
    </Filter>
    <Filter Include="공용\소스 파일\Network">
      <UniqueIdentifier>{ee124415-20f0-42b6-beba-3e96bc26ba61}</UniqueIdentifier>
    </Filter>
    <Filter Include="공용\헤더 파일\Network">
      <UniqueIdentifier>{e94bca03-ffe5-462f-9a13-ac95fd1af665}</UniqueIdentifier>
    </Filter>
    <Filter Include="공용\소스 파일\Utility">
      <UniqueIdentifier>{96761214-bdb2-46af-bbf0-ca2a4ecdfa07}</UniqueIdentifier>
    </Filter>
    <Filter Include="공용\헤더 파일\Utility">
      <UniqueIdentifier>{20f2b394-9efb-48d2-95a4-e180354b347a}</UniqueIdentifier>
    </Filter>
    <Filter Include="헤더 파일\Auth">
      <UniqueIdentifier>{95b1e9e9-a1c2-4064-84ec-5ea3366e3a0d}</UniqueIdentifier>
    </Filter>
    <Filter Include="소스 파일\Auth">
      <UniqueIdentifier>{a3766bbd-a9cb-4051-8e85-4613368bc5f0}</UniqueIdentifier>
    </Filter>
    <Filter Include="공용\헤더 파일\Database">
      <UniqueIdentifier>{c47682ea-befc-4614-9227-074faef2c551}</UniqueIdentifier>
    </Filter>
    <Filter Include="공용\소스 파일\Database">
      <UniqueIdentifier>{194fb3e1-4be8-4113-a49e-0205ae8d65b8}</UniqueIdentifier>
    </Filter>
    <Filter Include="공용\소스 파일\Game">
      <UniqueIdentifier>{cfd49fcf-ff08-4dae-ad60-e0c608aeedf6}</UniqueIdentifier>
    </Filter>
    <Filter Include="공용\헤더 파일\Game">
      <UniqueIdentifier>{2b99436c-2e77-4d4f-9a3e-1f479fd94499}</UniqueIdentifier>
    </Filter>
  </ItemGroup>
  <ItemGroup>
    <ClCompile Include="..\Common\src\network\Client.cpp">
      <Filter>공용\소스 파일\Network</Filter>
    </ClCompile>
    <ClCompile Include="..\Common\src\network\CustomOverlapped.cpp">
      <Filter>공용\소스 파일\Network</Filter>
    </ClCompile>
    <ClCompile Include="..\Common\src\network\NetworkManager.cpp">
      <Filter>공용\소스 파일\Network</Filter>
    </ClCompile>
    <ClCompile Include="..\Common\src\network\Session.cpp">
      <Filter>공용\소스 파일\Network</Filter>
    </ClCompile>
    <ClCompile Include="src\auth\AuthManager.cpp">
      <Filter>소스 파일\Auth</Filter>
    </ClCompile>
    <ClCompile Include="main.cpp">
      <Filter>소스 파일</Filter>
    </ClCompile>
    <ClCompile Include="..\Common\src\database\Worker.cpp">
      <Filter>공용\소스 파일\Database</Filter>
    </ClCompile>
    <ClCompile Include="..\Common\src\game\NetworkProtocol.cpp">
      <Filter>공용\소스 파일\Game</Filter>
    </ClCompile>
  </ItemGroup>
  <ItemGroup>
    <ClInclude Include="..\Common\include\network\Client.h">
      <Filter>공용\헤더 파일\Network</Filter>
    </ClInclude>
    <ClInclude Include="..\Common\include\network\CustomOverlapped.h">
      <Filter>공용\헤더 파일\Network</Filter>
    </ClInclude>
    <ClInclude Include="..\Common\include\network\NetworkManager.h">
      <Filter>공용\헤더 파일\Network</Filter>
    </ClInclude>
    <ClInclude Include="..\Common\include\network\Session.h">
      <Filter>공용\헤더 파일\Network</Filter>
    </ClInclude>
    <ClInclude Include="..\Common\include\utility\Debug.h">
      <Filter>공용\헤더 파일\Utility</Filter>
    </ClInclude>
    <ClInclude Include="..\Common\include\utility\LockFreeCircleQueue.h">
      <Filter>공용\헤더 파일\Utility</Filter>
    </ClInclude>
    <ClInclude Include="include\auth\AuthManager.h">
      <Filter>헤더 파일\Auth</Filter>
    </ClInclude>
    <ClInclude Include="..\Common\include\database\Task.h">
      <Filter>공용\헤더 파일\Database</Filter>
    </ClInclude>
    <ClInclude Include="..\Common\include\database\Worker.h">
      <Filter>공용\헤더 파일\Database</Filter>
    </ClInclude>
    <ClInclude Include="..\Common\include\utility\ConfigCreator.h">
      <Filter>공용\헤더 파일\Utility</Filter>
    </ClInclude>
    <ClInclude Include="..\Common\include\game\BasicData.h">
      <Filter>공용\헤더 파일\Game</Filter>
    </ClInclude>
    <ClInclude Include="..\Common\include\game\DatabaseProtocol.h">
      <Filter>공용\헤더 파일\Game</Filter>
    </ClInclude>
    <ClInclude Include="..\Common\include\game\NetworkProtocol.h">
      <Filter>공용\헤더 파일\Game</Filter>
    </ClInclude>
    <ClInclude Include="..\Common\include\utility\StringConverter.h">
      <Filter>공용\헤더 파일\Utility</Filter>
    </ClInclude>
    <ClInclude Include="..\Common\include\game\LOGINSERVER_PROTOCOL_generated.h">
      <Filter>공용\헤더 파일\Game</Filter>
    </ClInclude>
    <ClInclude Include="include\auth\ConstValue.h">
      <Filter>헤더 파일\Auth</Filter>
    </ClInclude>
  </ItemGroup>
</Project>