<?xml version="1.0" encoding="utf-8"?>
<Project ToolsVersion="4.0" xmlns="http://schemas.microsoft.com/developer/msbuild/2003">
  <ItemGroup>
    <Filter Include="소스 파일">
      <UniqueIdentifier>{4FC737F1-C7A5-4376-A066-2A32D752A2FF}</UniqueIdentifier>
      <Extensions>cpp;c;cc;cxx;c++;cppm;ixx;def;odl;idl;hpj;bat;asm;asmx</Extensions>
    </Filter>
    <Filter Include="헤더 파일">
      <UniqueIdentifier>{93995380-89BD-4b04-88EB-625FBE52EBFB}</UniqueIdentifier>
      <Extensions>h;hh;hpp;hxx;h++;hm;inl;inc;ipp;xsd</Extensions>
    </Filter>
    <Filter Include="리소스 파일">
      <UniqueIdentifier>{67DA6AB6-F800-4c08-8B7A-83BB121AAD01}</UniqueIdentifier>
      <Extensions>rc;ico;cur;bmp;dlg;rc2;rct;bin;rgs;gif;jpg;jpeg;jpe;resx;tiff;tif;png;wav;mfcribbon-ms</Extensions>
    </Filter>
    <Filter Include="공용">
      <UniqueIdentifier>{397f5c62-ef27-432a-9196-cd90a482579f}</UniqueIdentifier>
    </Filter>
    <Filter Include="공용\소스 파일">
      <UniqueIdentifier>{8d565570-4ff4-43e4-aadb-75e70350a135}</UniqueIdentifier>
    </Filter>
    <Filter Include="공용\헤더 파일">
      <UniqueIdentifier>{fa28c329-b2f0-4019-95bd-ba7c5cc6daf4}</UniqueIdentifier>
    </Filter>
    <Filter Include="공용\헤더 파일\Utility">
      <UniqueIdentifier>{4814f481-8160-4178-8575-2ca013f25cd3}</UniqueIdentifier>
    </Filter>
    <Filter Include="공용\헤더 파일\Network">
      <UniqueIdentifier>{15453b55-5945-4cf2-81ef-160cbb3af980}</UniqueIdentifier>
    </Filter>
    <Filter Include="공용\소스 파일\Network">
      <UniqueIdentifier>{074122d1-c5f7-4936-aa95-48d48757ba02}</UniqueIdentifier>
    </Filter>
    <Filter Include="소스 파일\Lobby">
      <UniqueIdentifier>{8e64c9fc-d720-4c50-a9eb-da34b8d3e27e}</UniqueIdentifier>
    </Filter>
    <Filter Include="헤더 파일\Lobby">
      <UniqueIdentifier>{d77e32ea-eedd-4313-aabb-b562d7756d47}</UniqueIdentifier>
    </Filter>
    <Filter Include="공용\헤더 파일\Database">
      <UniqueIdentifier>{72625fc9-7e75-4270-8f92-72d2598c222f}</UniqueIdentifier>
    </Filter>
    <Filter Include="공용\소스 파일\Database">
      <UniqueIdentifier>{637502e0-9586-466a-a749-f021b1e18689}</UniqueIdentifier>
    </Filter>
    <Filter Include="공용\소스 파일\Lobby">
      <UniqueIdentifier>{cca76d9d-d5b8-427d-b9b0-c3c64a2440fb}</UniqueIdentifier>
    </Filter>
    <Filter Include="공용\헤더 파일\Lobby">
      <UniqueIdentifier>{d0f62a19-d701-45c0-88cc-09c5bc9ebba4}</UniqueIdentifier>
    </Filter>
  </ItemGroup>
  <ItemGroup>
    <ClCompile Include="main.cpp">
      <Filter>소스 파일</Filter>
    </ClCompile>
    <ClCompile Include="..\Common\src\network\Client.cpp">
      <Filter>공용\소스 파일\Network</Filter>
    </ClCompile>
    <ClCompile Include="..\Common\src\network\CustomOverlapped.cpp">
      <Filter>공용\소스 파일\Network</Filter>
    </ClCompile>
    <ClCompile Include="..\Common\src\network\NetworkManager.cpp">
      <Filter>공용\소스 파일\Network</Filter>
    </ClCompile>
    <ClCompile Include="..\Common\src\network\Session.cpp">
      <Filter>공용\소스 파일\Network</Filter>
    </ClCompile>
    <ClCompile Include="src\LobbyManager.cpp">
      <Filter>소스 파일\Lobby</Filter>
    </ClCompile>
    <ClCompile Include="..\Common\src\database\Worker.cpp">
      <Filter>공용\소스 파일\Database</Filter>
    </ClCompile>
    <ClCompile Include="..\Common\src\lobby\NetworkProtocol.cpp">
      <Filter>공용\소스 파일\Lobby</Filter>
    </ClCompile>
  </ItemGroup>
  <ItemGroup>
    <ClInclude Include="..\Common\include\utility\ConfigCreator.h">
      <Filter>공용\헤더 파일\Utility</Filter>
    </ClInclude>
    <ClInclude Include="..\Common\include\utility\ConstValue.h">
      <Filter>공용\헤더 파일\Utility</Filter>
    </ClInclude>
    <ClInclude Include="..\Common\include\utility\Debug.h">
      <Filter>공용\헤더 파일\Utility</Filter>
    </ClInclude>
    <ClInclude Include="..\Common\include\utility\LockFreeCircleQueue.h">
      <Filter>공용\헤더 파일\Utility</Filter>
    </ClInclude>
    <ClInclude Include="..\Common\include\utility\StringConverter.h">
      <Filter>공용\헤더 파일\Utility</Filter>
    </ClInclude>
    <ClInclude Include="..\Common\include\network\Client.h">
      <Filter>공용\헤더 파일\Network</Filter>
    </ClInclude>
    <ClInclude Include="..\Common\include\network\CustomOverlapped.h">
      <Filter>공용\헤더 파일\Network</Filter>
    </ClInclude>
    <ClInclude Include="..\Common\include\network\NetworkManager.h">
      <Filter>공용\헤더 파일\Network</Filter>
    </ClInclude>
    <ClInclude Include="..\Common\include\network\Session.h">
      <Filter>공용\헤더 파일\Network</Filter>
    </ClInclude>
    <ClInclude Include="include\LobbyManager.h">
      <Filter>헤더 파일\Lobby</Filter>
    </ClInclude>
    <ClInclude Include="include\ConstValue.h">
      <Filter>헤더 파일\Lobby</Filter>
    </ClInclude>
    <ClInclude Include="..\Common\include\database\Task.h">
      <Filter>공용\헤더 파일\Database</Filter>
    </ClInclude>
    <ClInclude Include="..\Common\include\database\Worker.h">
      <Filter>공용\헤더 파일\Database</Filter>
    </ClInclude>
    <ClInclude Include="..\Common\include\lobby\BasicData.h">
      <Filter>공용\헤더 파일\Lobby</Filter>
    </ClInclude>
    <ClInclude Include="..\Common\include\lobby\DatabaseProtocol.h">
      <Filter>공용\헤더 파일\Lobby</Filter>
    </ClInclude>
    <ClInclude Include="..\Common\include\lobby\LOBBYSERVER_PROTOCOL_generated.h">
      <Filter>공용\헤더 파일\Lobby</Filter>
    </ClInclude>
    <ClInclude Include="..\Common\include\lobby\NetworkProtocol.h">
      <Filter>공용\헤더 파일\Lobby</Filter>
    </ClInclude>
  </ItemGroup>
</Project>